// !$*UTF8*$!
{
	archiveVersion = 1;
	classes = {
	};
	objectVersion = 46;
	objects = {

/* Begin PBXBuildFile section */
		8705EB3718E043E900FCF993 /* IDPDraggingPointView.m in Sources */ = {isa = PBXBuildFile; fileRef = 8705EB3018E043E900FCF993 /* IDPDraggingPointView.m */; };
		8705EB3818E043E900FCF993 /* IDPSlider.m in Sources */ = {isa = PBXBuildFile; fileRef = 8705EB3218E043E900FCF993 /* IDPSlider.m */; };
		8705EB3918E043E900FCF993 /* IDPSliderBaseView.m in Sources */ = {isa = PBXBuildFile; fileRef = 8705EB3418E043E900FCF993 /* IDPSliderBaseView.m */; };
		8705EB3A18E043E900FCF993 /* IDPSliderRimView.m in Sources */ = {isa = PBXBuildFile; fileRef = 8705EB3618E043E900FCF993 /* IDPSliderRimView.m */; };
		8779E13318E0426F00386111 /* Foundation.framework in Frameworks */ = {isa = PBXBuildFile; fileRef = 8779E13218E0426F00386111 /* Foundation.framework */; };
		8779E13518E0426F00386111 /* CoreGraphics.framework in Frameworks */ = {isa = PBXBuildFile; fileRef = 8779E13418E0426F00386111 /* CoreGraphics.framework */; };
		8779E13718E0426F00386111 /* UIKit.framework in Frameworks */ = {isa = PBXBuildFile; fileRef = 8779E13618E0426F00386111 /* UIKit.framework */; };
		8779E13D18E0426F00386111 /* InfoPlist.strings in Resources */ = {isa = PBXBuildFile; fileRef = 8779E13B18E0426F00386111 /* InfoPlist.strings */; };
		8779E13F18E0426F00386111 /* main.m in Sources */ = {isa = PBXBuildFile; fileRef = 8779E13E18E0426F00386111 /* main.m */; };
		8779E14318E0426F00386111 /* AppDelegate.m in Sources */ = {isa = PBXBuildFile; fileRef = 8779E14218E0426F00386111 /* AppDelegate.m */; };
		8779E14618E0426F00386111 /* Main.storyboard in Resources */ = {isa = PBXBuildFile; fileRef = 8779E14418E0426F00386111 /* Main.storyboard */; };
		8779E14918E0426F00386111 /* ViewController.m in Sources */ = {isa = PBXBuildFile; fileRef = 8779E14818E0426F00386111 /* ViewController.m */; };
		8779E14B18E0426F00386111 /* Images.xcassets in Resources */ = {isa = PBXBuildFile; fileRef = 8779E14A18E0426F00386111 /* Images.xcassets */; };
		8779E15218E0426F00386111 /* XCTest.framework in Frameworks */ = {isa = PBXBuildFile; fileRef = 8779E15118E0426F00386111 /* XCTest.framework */; };
		8779E15318E0426F00386111 /* Foundation.framework in Frameworks */ = {isa = PBXBuildFile; fileRef = 8779E13218E0426F00386111 /* Foundation.framework */; };
		8779E15418E0426F00386111 /* UIKit.framework in Frameworks */ = {isa = PBXBuildFile; fileRef = 8779E13618E0426F00386111 /* UIKit.framework */; };
		8779E15C18E0426F00386111 /* InfoPlist.strings in Resources */ = {isa = PBXBuildFile; fileRef = 8779E15A18E0426F00386111 /* InfoPlist.strings */; };
		8779E15E18E0426F00386111 /* IDPSliderExampleTests.m in Sources */ = {isa = PBXBuildFile; fileRef = 8779E15D18E0426F00386111 /* IDPSliderExampleTests.m */; };
/* End PBXBuildFile section */

/* Begin PBXContainerItemProxy section */
		8779E15518E0426F00386111 /* PBXContainerItemProxy */ = {
			isa = PBXContainerItemProxy;
			containerPortal = 8779E12718E0426F00386111 /* Project object */;
			proxyType = 1;
			remoteGlobalIDString = 8779E12E18E0426F00386111;
			remoteInfo = IDPSliderExample;
		};
/* End PBXContainerItemProxy section */

/* Begin PBXFileReference section */
		8705EB2F18E043E900FCF993 /* IDPDraggingPointView.h */ = {isa = PBXFileReference; fileEncoding = 4; lastKnownFileType = sourcecode.c.h; path = IDPDraggingPointView.h; sourceTree = "<group>"; };
		8705EB3018E043E900FCF993 /* IDPDraggingPointView.m */ = {isa = PBXFileReference; fileEncoding = 4; lastKnownFileType = sourcecode.c.objc; path = IDPDraggingPointView.m; sourceTree = "<group>"; };
		8705EB3118E043E900FCF993 /* IDPSlider.h */ = {isa = PBXFileReference; fileEncoding = 4; lastKnownFileType = sourcecode.c.h; path = IDPSlider.h; sourceTree = "<group>"; };
		8705EB3218E043E900FCF993 /* IDPSlider.m */ = {isa = PBXFileReference; fileEncoding = 4; lastKnownFileType = sourcecode.c.objc; path = IDPSlider.m; sourceTree = "<group>"; };
		8705EB3318E043E900FCF993 /* IDPSliderBaseView.h */ = {isa = PBXFileReference; fileEncoding = 4; lastKnownFileType = sourcecode.c.h; path = IDPSliderBaseView.h; sourceTree = "<group>"; };
		8705EB3418E043E900FCF993 /* IDPSliderBaseView.m */ = {isa = PBXFileReference; fileEncoding = 4; lastKnownFileType = sourcecode.c.objc; path = IDPSliderBaseView.m; sourceTree = "<group>"; };
		8705EB3518E043E900FCF993 /* IDPSliderRimView.h */ = {isa = PBXFileReference; fileEncoding = 4; lastKnownFileType = sourcecode.c.h; path = IDPSliderRimView.h; sourceTree = "<group>"; };
		8705EB3618E043E900FCF993 /* IDPSliderRimView.m */ = {isa = PBXFileReference; fileEncoding = 4; lastKnownFileType = sourcecode.c.objc; path = IDPSliderRimView.m; sourceTree = "<group>"; };
		8779E12F18E0426F00386111 /* IDPSliderExample.app */ = {isa = PBXFileReference; explicitFileType = wrapper.application; includeInIndex = 0; path = IDPSliderExample.app; sourceTree = BUILT_PRODUCTS_DIR; };
		8779E13218E0426F00386111 /* Foundation.framework */ = {isa = PBXFileReference; lastKnownFileType = wrapper.framework; name = Foundation.framework; path = System/Library/Frameworks/Foundation.framework; sourceTree = SDKROOT; };
		8779E13418E0426F00386111 /* CoreGraphics.framework */ = {isa = PBXFileReference; lastKnownFileType = wrapper.framework; name = CoreGraphics.framework; path = System/Library/Frameworks/CoreGraphics.framework; sourceTree = SDKROOT; };
		8779E13618E0426F00386111 /* UIKit.framework */ = {isa = PBXFileReference; lastKnownFileType = wrapper.framework; name = UIKit.framework; path = System/Library/Frameworks/UIKit.framework; sourceTree = SDKROOT; };
		8779E13A18E0426F00386111 /* IDPSliderExample-Info.plist */ = {isa = PBXFileReference; lastKnownFileType = text.plist.xml; path = "IDPSliderExample-Info.plist"; sourceTree = "<group>"; };
		8779E13C18E0426F00386111 /* en */ = {isa = PBXFileReference; lastKnownFileType = text.plist.strings; name = en; path = en.lproj/InfoPlist.strings; sourceTree = "<group>"; };
		8779E13E18E0426F00386111 /* main.m */ = {isa = PBXFileReference; lastKnownFileType = sourcecode.c.objc; path = main.m; sourceTree = "<group>"; };
		8779E14018E0426F00386111 /* IDPSliderExample-Prefix.pch */ = {isa = PBXFileReference; lastKnownFileType = sourcecode.c.h; path = "IDPSliderExample-Prefix.pch"; sourceTree = "<group>"; };
		8779E14118E0426F00386111 /* AppDelegate.h */ = {isa = PBXFileReference; lastKnownFileType = sourcecode.c.h; path = AppDelegate.h; sourceTree = "<group>"; };
		8779E14218E0426F00386111 /* AppDelegate.m */ = {isa = PBXFileReference; lastKnownFileType = sourcecode.c.objc; path = AppDelegate.m; sourceTree = "<group>"; };
		8779E14518E0426F00386111 /* Base */ = {isa = PBXFileReference; lastKnownFileType = file.storyboard; name = Base; path = Base.lproj/Main.storyboard; sourceTree = "<group>"; };
		8779E14718E0426F00386111 /* ViewController.h */ = {isa = PBXFileReference; lastKnownFileType = sourcecode.c.h; path = ViewController.h; sourceTree = "<group>"; };
		8779E14818E0426F00386111 /* ViewController.m */ = {isa = PBXFileReference; lastKnownFileType = sourcecode.c.objc; path = ViewController.m; sourceTree = "<group>"; };
		8779E14A18E0426F00386111 /* Images.xcassets */ = {isa = PBXFileReference; lastKnownFileType = folder.assetcatalog; path = Images.xcassets; sourceTree = "<group>"; };
		8779E15018E0426F00386111 /* IDPSliderExampleTests.xctest */ = {isa = PBXFileReference; explicitFileType = wrapper.cfbundle; includeInIndex = 0; path = IDPSliderExampleTests.xctest; sourceTree = BUILT_PRODUCTS_DIR; };
		8779E15118E0426F00386111 /* XCTest.framework */ = {isa = PBXFileReference; lastKnownFileType = wrapper.framework; name = XCTest.framework; path = Library/Frameworks/XCTest.framework; sourceTree = DEVELOPER_DIR; };
		8779E15918E0426F00386111 /* IDPSliderExampleTests-Info.plist */ = {isa = PBXFileReference; lastKnownFileType = text.plist.xml; path = "IDPSliderExampleTests-Info.plist"; sourceTree = "<group>"; };
		8779E15B18E0426F00386111 /* en */ = {isa = PBXFileReference; lastKnownFileType = text.plist.strings; name = en; path = en.lproj/InfoPlist.strings; sourceTree = "<group>"; };
		8779E15D18E0426F00386111 /* IDPSliderExampleTests.m */ = {isa = PBXFileReference; lastKnownFileType = sourcecode.c.objc; path = IDPSliderExampleTests.m; sourceTree = "<group>"; };
/* End PBXFileReference section */

/* Begin PBXFrameworksBuildPhase section */
		8779E12C18E0426F00386111 /* Frameworks */ = {
			isa = PBXFrameworksBuildPhase;
			buildActionMask = 2147483647;
			files = (
				8779E13518E0426F00386111 /* CoreGraphics.framework in Frameworks */,
				8779E13718E0426F00386111 /* UIKit.framework in Frameworks */,
				8779E13318E0426F00386111 /* Foundation.framework in Frameworks */,
			);
			runOnlyForDeploymentPostprocessing = 0;
		};
		8779E14D18E0426F00386111 /* Frameworks */ = {
			isa = PBXFrameworksBuildPhase;
			buildActionMask = 2147483647;
			files = (
				8779E15218E0426F00386111 /* XCTest.framework in Frameworks */,
				8779E15418E0426F00386111 /* UIKit.framework in Frameworks */,
				8779E15318E0426F00386111 /* Foundation.framework in Frameworks */,
			);
			runOnlyForDeploymentPostprocessing = 0;
		};
/* End PBXFrameworksBuildPhase section */

/* Begin PBXGroup section */
		8705EB2E18E043E900FCF993 /* Lib */ = {
			isa = PBXGroup;
			children = (
				8705EB3118E043E900FCF993 /* IDPSlider.h */,
				8705EB3218E043E900FCF993 /* IDPSlider.m */,
				8705EB2F18E043E900FCF993 /* IDPDraggingPointView.h */,
				8705EB3018E043E900FCF993 /* IDPDraggingPointView.m */,
				8705EB3318E043E900FCF993 /* IDPSliderBaseView.h */,
				8705EB3418E043E900FCF993 /* IDPSliderBaseView.m */,
				8705EB3518E043E900FCF993 /* IDPSliderRimView.h */,
				8705EB3618E043E900FCF993 /* IDPSliderRimView.m */,
			);
			path = Lib;
			sourceTree = SOURCE_ROOT;
		};
		8779E12618E0426F00386111 = {
			isa = PBXGroup;
			children = (
				8779E13818E0426F00386111 /* IDPSliderExample */,
				8779E15718E0426F00386111 /* IDPSliderExampleTests */,
				8779E13118E0426F00386111 /* Frameworks */,
				8779E13018E0426F00386111 /* Products */,
			);
			sourceTree = "<group>";
		};
		8779E13018E0426F00386111 /* Products */ = {
			isa = PBXGroup;
			children = (
				8779E12F18E0426F00386111 /* IDPSliderExample.app */,
				8779E15018E0426F00386111 /* IDPSliderExampleTests.xctest */,
			);
			name = Products;
			sourceTree = "<group>";
		};
		8779E13118E0426F00386111 /* Frameworks */ = {
			isa = PBXGroup;
			children = (
				8779E13218E0426F00386111 /* Foundation.framework */,
				8779E13418E0426F00386111 /* CoreGraphics.framework */,
				8779E13618E0426F00386111 /* UIKit.framework */,
				8779E15118E0426F00386111 /* XCTest.framework */,
			);
			name = Frameworks;
			sourceTree = "<group>";
		};
		8779E13818E0426F00386111 /* IDPSliderExample */ = {
			isa = PBXGroup;
			children = (
				8705EB2E18E043E900FCF993 /* Lib */,
				8779E14118E0426F00386111 /* AppDelegate.h */,
				8779E14218E0426F00386111 /* AppDelegate.m */,
				8779E14418E0426F00386111 /* Main.storyboard */,
				8779E14718E0426F00386111 /* ViewController.h */,
				8779E14818E0426F00386111 /* ViewController.m */,
				8779E14A18E0426F00386111 /* Images.xcassets */,
				8779E13918E0426F00386111 /* Supporting Files */,
			);
			path = IDPSliderExample;
			sourceTree = "<group>";
		};
		8779E13918E0426F00386111 /* Supporting Files */ = {
			isa = PBXGroup;
			children = (
				8779E13A18E0426F00386111 /* IDPSliderExample-Info.plist */,
				8779E13B18E0426F00386111 /* InfoPlist.strings */,
				8779E13E18E0426F00386111 /* main.m */,
				8779E14018E0426F00386111 /* IDPSliderExample-Prefix.pch */,
			);
			name = "Supporting Files";
			sourceTree = "<group>";
		};
		8779E15718E0426F00386111 /* IDPSliderExampleTests */ = {
			isa = PBXGroup;
			children = (
				8779E15D18E0426F00386111 /* IDPSliderExampleTests.m */,
				8779E15818E0426F00386111 /* Supporting Files */,
			);
			path = IDPSliderExampleTests;
			sourceTree = "<group>";
		};
		8779E15818E0426F00386111 /* Supporting Files */ = {
			isa = PBXGroup;
			children = (
				8779E15918E0426F00386111 /* IDPSliderExampleTests-Info.plist */,
				8779E15A18E0426F00386111 /* InfoPlist.strings */,
			);
			name = "Supporting Files";
			sourceTree = "<group>";
		};
/* End PBXGroup section */

/* Begin PBXNativeTarget section */
		8779E12E18E0426F00386111 /* IDPSliderExample */ = {
			isa = PBXNativeTarget;
			buildConfigurationList = 8779E16118E0426F00386111 /* Build configuration list for PBXNativeTarget "IDPSliderExample" */;
			buildPhases = (
				8779E12B18E0426F00386111 /* Sources */,
				8779E12C18E0426F00386111 /* Frameworks */,
				8779E12D18E0426F00386111 /* Resources */,
			);
			buildRules = (
			);
			dependencies = (
			);
			name = IDPSliderExample;
			productName = IDPSliderExample;
			productReference = 8779E12F18E0426F00386111 /* IDPSliderExample.app */;
			productType = "com.apple.product-type.application";
		};
		8779E14F18E0426F00386111 /* IDPSliderExampleTests */ = {
			isa = PBXNativeTarget;
			buildConfigurationList = 8779E16418E0426F00386111 /* Build configuration list for PBXNativeTarget "IDPSliderExampleTests" */;
			buildPhases = (
				8779E14C18E0426F00386111 /* Sources */,
				8779E14D18E0426F00386111 /* Frameworks */,
				8779E14E18E0426F00386111 /* Resources */,
			);
			buildRules = (
			);
			dependencies = (
				8779E15618E0426F00386111 /* PBXTargetDependency */,
			);
			name = IDPSliderExampleTests;
			productName = IDPSliderExampleTests;
			productReference = 8779E15018E0426F00386111 /* IDPSliderExampleTests.xctest */;
			productType = "com.apple.product-type.bundle.unit-test";
		};
/* End PBXNativeTarget section */

/* Begin PBXProject section */
		8779E12718E0426F00386111 /* Project object */ = {
			isa = PBXProject;
			attributes = {
				LastUpgradeCheck = 0510;
				ORGANIZATIONNAME = "Irimasu Densan Planning";
				TargetAttributes = {
					8779E14F18E0426F00386111 = {
						TestTargetID = 8779E12E18E0426F00386111;
					};
				};
			};
			buildConfigurationList = 8779E12A18E0426F00386111 /* Build configuration list for PBXProject "IDPSliderExample" */;
			compatibilityVersion = "Xcode 3.2";
			developmentRegion = English;
			hasScannedForEncodings = 0;
			knownRegions = (
				en,
				Base,
			);
			mainGroup = 8779E12618E0426F00386111;
			productRefGroup = 8779E13018E0426F00386111 /* Products */;
			projectDirPath = "";
			projectRoot = "";
			targets = (
				8779E12E18E0426F00386111 /* IDPSliderExample */,
				8779E14F18E0426F00386111 /* IDPSliderExampleTests */,
			);
		};
/* End PBXProject section */

/* Begin PBXResourcesBuildPhase section */
		8779E12D18E0426F00386111 /* Resources */ = {
			isa = PBXResourcesBuildPhase;
			buildActionMask = 2147483647;
			files = (
				8779E14B18E0426F00386111 /* Images.xcassets in Resources */,
				8779E13D18E0426F00386111 /* InfoPlist.strings in Resources */,
				8779E14618E0426F00386111 /* Main.storyboard in Resources */,
			);
			runOnlyForDeploymentPostprocessing = 0;
		};
		8779E14E18E0426F00386111 /* Resources */ = {
			isa = PBXResourcesBuildPhase;
			buildActionMask = 2147483647;
			files = (
				8779E15C18E0426F00386111 /* InfoPlist.strings in Resources */,
			);
			runOnlyForDeploymentPostprocessing = 0;
		};
/* End PBXResourcesBuildPhase section */

/* Begin PBXSourcesBuildPhase section */
		8779E12B18E0426F00386111 /* Sources */ = {
			isa = PBXSourcesBuildPhase;
			buildActionMask = 2147483647;
			files = (
				8705EB3A18E043E900FCF993 /* IDPSliderRimView.m in Sources */,
				8705EB3918E043E900FCF993 /* IDPSliderBaseView.m in Sources */,
				8779E14918E0426F00386111 /* ViewController.m in Sources */,
				8779E14318E0426F00386111 /* AppDelegate.m in Sources */,
				8705EB3818E043E900FCF993 /* IDPSlider.m in Sources */,
				8705EB3718E043E900FCF993 /* IDPDraggingPointView.m in Sources */,
				8779E13F18E0426F00386111 /* main.m in Sources */,
			);
			runOnlyForDeploymentPostprocessing = 0;
		};
		8779E14C18E0426F00386111 /* Sources */ = {
			isa = PBXSourcesBuildPhase;
			buildActionMask = 2147483647;
			files = (
				8779E15E18E0426F00386111 /* IDPSliderExampleTests.m in Sources */,
			);
			runOnlyForDeploymentPostprocessing = 0;
		};
/* End PBXSourcesBuildPhase section */

/* Begin PBXTargetDependency section */
		8779E15618E0426F00386111 /* PBXTargetDependency */ = {
			isa = PBXTargetDependency;
			target = 8779E12E18E0426F00386111 /* IDPSliderExample */;
			targetProxy = 8779E15518E0426F00386111 /* PBXContainerItemProxy */;
		};
/* End PBXTargetDependency section */

/* Begin PBXVariantGroup section */
		8779E13B18E0426F00386111 /* InfoPlist.strings */ = {
			isa = PBXVariantGroup;
			children = (
				8779E13C18E0426F00386111 /* en */,
			);
			name = InfoPlist.strings;
			sourceTree = "<group>";
		};
		8779E14418E0426F00386111 /* Main.storyboard */ = {
			isa = PBXVariantGroup;
			children = (
				8779E14518E0426F00386111 /* Base */,
			);
			name = Main.storyboard;
			sourceTree = "<group>";
		};
		8779E15A18E0426F00386111 /* InfoPlist.strings */ = {
			isa = PBXVariantGroup;
			children = (
				8779E15B18E0426F00386111 /* en */,
			);
			name = InfoPlist.strings;
			sourceTree = "<group>";
		};
/* End PBXVariantGroup section */

/* Begin XCBuildConfiguration section */
		8779E15F18E0426F00386111 /* Debug */ = {
			isa = XCBuildConfiguration;
			buildSettings = {
				ALWAYS_SEARCH_USER_PATHS = NO;
				CLANG_CXX_LANGUAGE_STANDARD = "gnu++0x";
				CLANG_CXX_LIBRARY = "libc++";
				CLANG_ENABLE_MODULES = YES;
				CLANG_ENABLE_OBJC_ARC = YES;
				CLANG_WARN_BOOL_CONVERSION = YES;
				CLANG_WARN_CONSTANT_CONVERSION = YES;
				CLANG_WARN_DIRECT_OBJC_ISA_USAGE = YES_ERROR;
				CLANG_WARN_EMPTY_BODY = YES;
				CLANG_WARN_ENUM_CONVERSION = YES;
				CLANG_WARN_INT_CONVERSION = YES;
				CLANG_WARN_OBJC_ROOT_CLASS = YES_ERROR;
				CLANG_WARN__DUPLICATE_METHOD_MATCH = YES;
				"CODE_SIGN_IDENTITY[sdk=iphoneos*]" = "iPhone Developer";
				COPY_PHASE_STRIP = NO;
				GCC_C_LANGUAGE_STANDARD = gnu99;
				GCC_DYNAMIC_NO_PIC = NO;
				GCC_OPTIMIZATION_LEVEL = 0;
				GCC_PREPROCESSOR_DEFINITIONS = (
					"DEBUG=1",
					"$(inherited)",
				);
				GCC_SYMBOLS_PRIVATE_EXTERN = NO;
				GCC_WARN_64_TO_32_BIT_CONVERSION = YES;
				GCC_WARN_ABOUT_RETURN_TYPE = YES_ERROR;
				GCC_WARN_UNDECLARED_SELECTOR = YES;
				GCC_WARN_UNINITIALIZED_AUTOS = YES_AGGRESSIVE;
				GCC_WARN_UNUSED_FUNCTION = YES;
				GCC_WARN_UNUSED_VARIABLE = YES;
				IPHONEOS_DEPLOYMENT_TARGET = 7.1;
				ONLY_ACTIVE_ARCH = YES;
				SDKROOT = iphoneos;
			};
			name = Debug;
		};
		8779E16018E0426F00386111 /* Release */ = {
			isa = XCBuildConfiguration;
			buildSettings = {
				ALWAYS_SEARCH_USER_PATHS = NO;
				CLANG_CXX_LANGUAGE_STANDARD = "gnu++0x";
				CLANG_CXX_LIBRARY = "libc++";
				CLANG_ENABLE_MODULES = YES;
				CLANG_ENABLE_OBJC_ARC = YES;
				CLANG_WARN_BOOL_CONVERSION = YES;
				CLANG_WARN_CONSTANT_CONVERSION = YES;
				CLANG_WARN_DIRECT_OBJC_ISA_USAGE = YES_ERROR;
				CLANG_WARN_EMPTY_BODY = YES;
				CLANG_WARN_ENUM_CONVERSION = YES;
				CLANG_WARN_INT_CONVERSION = YES;
				CLANG_WARN_OBJC_ROOT_CLASS = YES_ERROR;
				CLANG_WARN__DUPLICATE_METHOD_MATCH = YES;
				"CODE_SIGN_IDENTITY[sdk=iphoneos*]" = "iPhone Developer";
				COPY_PHASE_STRIP = YES;
				ENABLE_NS_ASSERTIONS = NO;
				GCC_C_LANGUAGE_STANDARD = gnu99;
				GCC_WARN_64_TO_32_BIT_CONVERSION = YES;
				GCC_WARN_ABOUT_RETURN_TYPE = YES_ERROR;
				GCC_WARN_UNDECLARED_SELECTOR = YES;
				GCC_WARN_UNINITIALIZED_AUTOS = YES_AGGRESSIVE;
				GCC_WARN_UNUSED_FUNCTION = YES;
				GCC_WARN_UNUSED_VARIABLE = YES;
				IPHONEOS_DEPLOYMENT_TARGET = 7.1;
				SDKROOT = iphoneos;
				VALIDATE_PRODUCT = YES;
			};
			name = Release;
		};
		8779E16218E0426F00386111 /* Debug */ = {
			isa = XCBuildConfiguration;
			buildSettings = {
				ASSETCATALOG_COMPILER_APPICON_NAME = AppIcon;
				ASSETCATALOG_COMPILER_LAUNCHIMAGE_NAME = LaunchImage;
				GCC_PRECOMPILE_PREFIX_HEADER = YES;
				GCC_PREFIX_HEADER = "IDPSliderExample/IDPSliderExample-Prefix.pch";
				INFOPLIST_FILE = "IDPSliderExample/IDPSliderExample-Info.plist";
				PRODUCT_NAME = "$(TARGET_NAME)";
				WRAPPER_EXTENSION = app;
			};
			name = Debug;
		};
		8779E16318E0426F00386111 /* Release */ = {
			isa = XCBuildConfiguration;
			buildSettings = {
				ASSETCATALOG_COMPILER_APPICON_NAME = AppIcon;
				ASSETCATALOG_COMPILER_LAUNCHIMAGE_NAME = LaunchImage;
				GCC_PRECOMPILE_PREFIX_HEADER = YES;
				GCC_PREFIX_HEADER = "IDPSliderExample/IDPSliderExample-Prefix.pch";
				INFOPLIST_FILE = "IDPSliderExample/IDPSliderExample-Info.plist";
				PRODUCT_NAME = "$(TARGET_NAME)";
				WRAPPER_EXTENSION = app;
			};
			name = Release;
		};
		8779E16518E0426F00386111 /* Debug */ = {
			isa = XCBuildConfiguration;
			buildSettings = {
				BUNDLE_LOADER = "$(BUILT_PRODUCTS_DIR)/IDPSliderExample.app/IDPSliderExample";
				FRAMEWORK_SEARCH_PATHS = (
					"$(SDKROOT)/Developer/Library/Frameworks",
					"$(inherited)",
					"$(DEVELOPER_FRAMEWORKS_DIR)",
				);
				GCC_PRECOMPILE_PREFIX_HEADER = YES;
				GCC_PREFIX_HEADER = "IDPSliderExample/IDPSliderExample-Prefix.pch";
				GCC_PREPROCESSOR_DEFINITIONS = (
					"DEBUG=1",
					"$(inherited)",
				);
				INFOPLIST_FILE = "IDPSliderExampleTests/IDPSliderExampleTests-Info.plist";
				PRODUCT_NAME = "$(TARGET_NAME)";
				TEST_HOST = "$(BUNDLE_LOADER)";
				WRAPPER_EXTENSION = xctest;
			};
			name = Debug;
		};
		8779E16618E0426F00386111 /* Release */ = {
			isa = XCBuildConfiguration;
			buildSettings = {
				BUNDLE_LOADER = "$(BUILT_PRODUCTS_DIR)/IDPSliderExample.app/IDPSliderExample";
				FRAMEWORK_SEARCH_PATHS = (
					"$(SDKROOT)/Developer/Library/Frameworks",
					"$(inherited)",
					"$(DEVELOPER_FRAMEWORKS_DIR)",
				);
				GCC_PRECOMPILE_PREFIX_HEADER = YES;
				GCC_PREFIX_HEADER = "IDPSliderExample/IDPSliderExample-Prefix.pch";
				INFOPLIST_FILE = "IDPSliderExampleTests/IDPSliderExampleTests-Info.plist";
				PRODUCT_NAME = "$(TARGET_NAME)";
				TEST_HOST = "$(BUNDLE_LOADER)";
				WRAPPER_EXTENSION = xctest;
			};
			name = Release;
		};
/* End XCBuildConfiguration section */

/* Begin XCConfigurationList section */
		8779E12A18E0426F00386111 /* Build configuration list for PBXProject "IDPSliderExample" */ = {
			isa = XCConfigurationList;
			buildConfigurations = (
				8779E15F18E0426F00386111 /* Debug */,
				8779E16018E0426F00386111 /* Release */,
			);
			defaultConfigurationIsVisible = 0;
			defaultConfigurationName = Release;
		};
		8779E16118E0426F00386111 /* Build configuration list for PBXNativeTarget "IDPSliderExample" */ = {
			isa = XCConfigurationList;
			buildConfigurations = (
				8779E16218E0426F00386111 /* Debug */,
				8779E16318E0426F00386111 /* Release */,
			);
			defaultConfigurationIsVisible = 0;
			defaultConfigurationName = Release;
		};
		8779E16418E0426F00386111 /* Build configuration list for PBXNativeTarget "IDPSliderExampleTests" */ = {
			isa = XCConfigurationList;
			buildConfigurations = (
				8779E16518E0426F00386111 /* Debug */,
				8779E16618E0426F00386111 /* Release */,
			);
			defaultConfigurationIsVisible = 0;
			defaultConfigurationName = Release;
		};
/* End XCConfigurationList section */
	};
	rootObject = 8779E12718E0426F00386111 /* Project object */;
}
